
Microsoft Visual Studio Solution File, Format Version 12.00
# Visual Studio Version 17
VisualStudioVersion = 17.4.33213.308
MinimumVisualStudioVersion = 10.0.40219.1
Project("{FAE04EC0-301F-11D3-BF4B-00C04F79EFBC}") = "royal-library-api", "royal-library-api.csproj", "{51F7EA01-FCF8-4319-AB26-6E6F64778DF4}"
EndProject
Global
	GlobalSection(SolutionConfigurationPlatforms) = preSolution
		Debug|Any CPU = Debug|Any CPU
		Release|Any CPU = Release|Any CPU
	EndGlobalSection
	GlobalSection(ProjectConfigurationPlatforms) = postSolution
		{51F7EA01-FCF8-4319-AB26-6E6F64778DF4}.Debug|Any CPU.ActiveCfg = Debug|Any CPU
		{51F7EA01-FCF8-4319-AB26-6E6F64778DF4}.Debug|Any CPU.Build.0 = Debug|Any CPU
		{51F7EA01-FCF8-4319-AB26-6E6F64778DF4}.Release|Any CPU.ActiveCfg = Release|Any CPU
		{51F7EA01-FCF8-4319-AB26-6E6F64778DF4}.Release|Any CPU.Build.0 = Release|Any CPU
	EndGlobalSection
	GlobalSection(SolutionProperties) = preSolution
		HideSolutionNode = FALSE
	EndGlobalSection
	GlobalSection(ExtensibilityGlobals) = postSolution
		SolutionGuid = {F7A3CE69-3116-453D-8A97-0AD0D9394BCC}
	EndGlobalSection
EndGlobal
